// !$*UTF8*$!
{
	archiveVersion = 1;
	classes = {
	};
	objectVersion = 77;
	objects = {

/* Begin PBXBuildFile section */
		E88430892EF76E04002665DA /* WidgetKit.framework in Frameworks */ = {isa = PBXBuildFile; fileRef = E88430882EF76E04002665DA /* WidgetKit.framework */; };
		E884308B2EF76E04002665DA /* SwiftUI.framework in Frameworks */ = {isa = PBXBuildFile; fileRef = E884308A2EF76E04002665DA /* SwiftUI.framework */; };
		E88430982EF76E08002665DA /* PlungeHeatWidgetsExtension.appex in Embed Foundation Extensions */ = {isa = PBXBuildFile; fileRef = E88430862EF76E04002665DA /* PlungeHeatWidgetsExtension.appex */; settings = {ATTRIBUTES = (RemoveHeadersOnCopy, ); }; };
		E89B714D2EF6E18B002E651E /* Plunge & Heat Watch App Watch App.app in Embed Watch Content */ = {isa = PBXBuildFile; fileRef = E89B71432EF6E183002E651E /* Plunge & Heat Watch App Watch App.app */; settings = {ATTRIBUTES = (RemoveHeadersOnCopy, ); }; };
/* End PBXBuildFile section */

/* Begin PBXContainerItemProxy section */
		E88430962EF76E08002665DA /* PBXContainerItemProxy */ = {
			isa = PBXContainerItemProxy;
			containerPortal = E8B2845C2EF2C0D500577B18 /* Project object */;
			proxyType = 1;
			remoteGlobalIDString = E88430852EF76E04002665DA;
			remoteInfo = PlungeHeatWidgetsExtension;
		};
		E89B714B2EF6E18B002E651E /* PBXContainerItemProxy */ = {
			isa = PBXContainerItemProxy;
			containerPortal = E8B2845C2EF2C0D500577B18 /* Project object */;
			proxyType = 1;
			remoteGlobalIDString = E89B71422EF6E183002E651E;
			remoteInfo = "Plunge & Heat Watch App Watch App";
		};
/* End PBXContainerItemProxy section */

/* Begin PBXCopyFilesBuildPhase section */
		E88430992EF76E08002665DA /* Embed Foundation Extensions */ = {
			isa = PBXCopyFilesBuildPhase;
			buildActionMask = 2147483647;
			dstPath = "";
			dstSubfolderSpec = 13;
			files = (
				E88430982EF76E08002665DA /* PlungeHeatWidgetsExtension.appex in Embed Foundation Extensions */,
			);
			name = "Embed Foundation Extensions";
			runOnlyForDeploymentPostprocessing = 0;
		};
		E89B71512EF6E18B002E651E /* Embed Watch Content */ = {
			isa = PBXCopyFilesBuildPhase;
			buildActionMask = 2147483647;
			dstPath = "$(CONTENTS_FOLDER_PATH)/Watch";
			dstSubfolderSpec = 16;
			files = (
				E89B714D2EF6E18B002E651E /* Plunge & Heat Watch App Watch App.app in Embed Watch Content */,
			);
			name = "Embed Watch Content";
			runOnlyForDeploymentPostprocessing = 0;
		};
/* End PBXCopyFilesBuildPhase section */

/* Begin PBXFileReference section */
		E88430862EF76E04002665DA /* PlungeHeatWidgetsExtension.appex */ = {isa = PBXFileReference; explicitFileType = "wrapper.app-extension"; includeInIndex = 0; path = PlungeHeatWidgetsExtension.appex; sourceTree = BUILT_PRODUCTS_DIR; };
		E88430882EF76E04002665DA /* WidgetKit.framework */ = {isa = PBXFileReference; lastKnownFileType = wrapper.framework; name = WidgetKit.framework; path = System/Library/Frameworks/WidgetKit.framework; sourceTree = SDKROOT; };
		E884308A2EF76E04002665DA /* SwiftUI.framework */ = {isa = PBXFileReference; lastKnownFileType = wrapper.framework; name = SwiftUI.framework; path = System/Library/Frameworks/SwiftUI.framework; sourceTree = SDKROOT; };
		E89B71432EF6E183002E651E /* Plunge & Heat Watch App Watch App.app */ = {isa = PBXFileReference; explicitFileType = wrapper.application; includeInIndex = 0; path = "Plunge & Heat Watch App Watch App.app"; sourceTree = BUILT_PRODUCTS_DIR; };
		E8B284642EF2C0D600577B18 /* Plunge & Heat - Cold Plunge and Sauna Session Tracker.app */ = {isa = PBXFileReference; explicitFileType = wrapper.application; includeInIndex = 0; path = "Plunge & Heat - Cold Plunge and Sauna Session Tracker.app"; sourceTree = BUILT_PRODUCTS_DIR; };
/* End PBXFileReference section */

/* Begin PBXFileSystemSynchronizedBuildFileExceptionSet section */
		E884309C2EF76E08002665DA /* Exceptions for "PlungeHeatWidgets" folder in "PlungeHeatWidgetsExtension" target */ = {
			isa = PBXFileSystemSynchronizedBuildFileExceptionSet;
			membershipExceptions = (
				Info.plist,
			);
			target = E88430852EF76E04002665DA /* PlungeHeatWidgetsExtension */;
		};
/* End PBXFileSystemSynchronizedBuildFileExceptionSet section */

/* Begin PBXFileSystemSynchronizedRootGroup section */
		E884308C2EF76E04002665DA /* PlungeHeatWidgets */ = {
			isa = PBXFileSystemSynchronizedRootGroup;
			exceptions = (
				E884309C2EF76E08002665DA /* Exceptions for "PlungeHeatWidgets" folder in "PlungeHeatWidgetsExtension" target */,
			);
			path = PlungeHeatWidgets;
			sourceTree = "<group>";
		};
		E89B71442EF6E183002E651E /* Plunge & Heat Watch App Watch App */ = {
			isa = PBXFileSystemSynchronizedRootGroup;
			path = "Plunge & Heat Watch App Watch App";
			sourceTree = "<group>";
		};
		E8B284662EF2C0D600577B18 /* Plunge & Heat - Cold Plunge and Sauna Session Tracker */ = {
			isa = PBXFileSystemSynchronizedRootGroup;
			path = "Plunge & Heat - Cold Plunge and Sauna Session Tracker";
			sourceTree = "<group>";
		};
/* End PBXFileSystemSynchronizedRootGroup section */

/* Begin PBXFrameworksBuildPhase section */
		E88430832EF76E04002665DA /* Frameworks */ = {
			isa = PBXFrameworksBuildPhase;
			buildActionMask = 2147483647;
			files = (
				E884308B2EF76E04002665DA /* SwiftUI.framework in Frameworks */,
				E88430892EF76E04002665DA /* WidgetKit.framework in Frameworks */,
			);
			runOnlyForDeploymentPostprocessing = 0;
		};
		E89B71402EF6E183002E651E /* Frameworks */ = {
			isa = PBXFrameworksBuildPhase;
			buildActionMask = 2147483647;
			files = (
			);
			runOnlyForDeploymentPostprocessing = 0;
		};
		E8B284612EF2C0D500577B18 /* Frameworks */ = {
			isa = PBXFrameworksBuildPhase;
			buildActionMask = 2147483647;
			files = (
			);
			runOnlyForDeploymentPostprocessing = 0;
		};
/* End PBXFrameworksBuildPhase section */

/* Begin PBXGroup section */
		E88430872EF76E04002665DA /* Frameworks */ = {
			isa = PBXGroup;
			children = (
				E88430882EF76E04002665DA /* WidgetKit.framework */,
				E884308A2EF76E04002665DA /* SwiftUI.framework */,
			);
			name = Frameworks;
			sourceTree = "<group>";
		};
		E8B2845B2EF2C0D500577B18 = {
			isa = PBXGroup;
			children = (
				E8B284662EF2C0D600577B18 /* Plunge & Heat - Cold Plunge and Sauna Session Tracker */,
				E89B71442EF6E183002E651E /* Plunge & Heat Watch App Watch App */,
				E884308C2EF76E04002665DA /* PlungeHeatWidgets */,
				E88430872EF76E04002665DA /* Frameworks */,
				E8B284652EF2C0D600577B18 /* Products */,
			);
			sourceTree = "<group>";
		};
		E8B284652EF2C0D600577B18 /* Products */ = {
			isa = PBXGroup;
			children = (
				E8B284642EF2C0D600577B18 /* Plunge & Heat - Cold Plunge and Sauna Session Tracker.app */,
				E89B71432EF6E183002E651E /* Plunge & Heat Watch App Watch App.app */,
				E88430862EF76E04002665DA /* PlungeHeatWidgetsExtension.appex */,
			);
			name = Products;
			sourceTree = "<group>";
		};
/* End PBXGroup section */

/* Begin PBXNativeTarget section */
		E88430852EF76E04002665DA /* PlungeHeatWidgetsExtension */ = {
			isa = PBXNativeTarget;
			buildConfigurationList = E884309D2EF76E08002665DA /* Build configuration list for PBXNativeTarget "PlungeHeatWidgetsExtension" */;
			buildPhases = (
				E88430822EF76E04002665DA /* Sources */,
				E88430832EF76E04002665DA /* Frameworks */,
				E88430842EF76E04002665DA /* Resources */,
			);
			buildRules = (
			);
			dependencies = (
			);
			fileSystemSynchronizedGroups = (
				E884308C2EF76E04002665DA /* PlungeHeatWidgets */,
			);
			name = PlungeHeatWidgetsExtension;
			packageProductDependencies = (
			);
			productName = PlungeHeatWidgetsExtension;
			productReference = E88430862EF76E04002665DA /* PlungeHeatWidgetsExtension.appex */;
			productType = "com.apple.product-type.app-extension";
		};
		E89B71422EF6E183002E651E /* Plunge & Heat Watch App Watch App */ = {
			isa = PBXNativeTarget;
			buildConfigurationList = E89B714E2EF6E18B002E651E /* Build configuration list for PBXNativeTarget "Plunge & Heat Watch App Watch App" */;
			buildPhases = (
				E89B713F2EF6E183002E651E /* Sources */,
				E89B71402EF6E183002E651E /* Frameworks */,
				E89B71412EF6E183002E651E /* Resources */,
			);
			buildRules = (
			);
			dependencies = (
			);
			fileSystemSynchronizedGroups = (
				E89B71442EF6E183002E651E /* Plunge & Heat Watch App Watch App */,
			);
			name = "Plunge & Heat Watch App Watch App";
			packageProductDependencies = (
			);
			productName = "Plunge & Heat Watch App Watch App";
			productReference = E89B71432EF6E183002E651E /* Plunge & Heat Watch App Watch App.app */;
			productType = "com.apple.product-type.application";
		};
		E8B284632EF2C0D500577B18 /* Plunge & Heat - Cold Plunge and Sauna Session Tracker */ = {
			isa = PBXNativeTarget;
			buildConfigurationList = E8B2846F2EF2C0E600577B18 /* Build configuration list for PBXNativeTarget "Plunge & Heat - Cold Plunge and Sauna Session Tracker" */;
			buildPhases = (
				E8B284602EF2C0D500577B18 /* Sources */,
				E8B284612EF2C0D500577B18 /* Frameworks */,
				E8B284622EF2C0D500577B18 /* Resources */,
				E89B71512EF6E18B002E651E /* Embed Watch Content */,
				E88430992EF76E08002665DA /* Embed Foundation Extensions */,
			);
			buildRules = (
			);
			dependencies = (
				E89B714C2EF6E18B002E651E /* PBXTargetDependency */,
				E88430972EF76E08002665DA /* PBXTargetDependency */,
			);
			fileSystemSynchronizedGroups = (
				E8B284662EF2C0D600577B18 /* Plunge & Heat - Cold Plunge and Sauna Session Tracker */,
			);
			name = "Plunge & Heat - Cold Plunge and Sauna Session Tracker";
			packageProductDependencies = (
			);
			productName = "Plunge & Heat - Cold Plunge and Sauna Session Tracker";
			productReference = E8B284642EF2C0D600577B18 /* Plunge & Heat - Cold Plunge and Sauna Session Tracker.app */;
			productType = "com.apple.product-type.application";
		};
/* End PBXNativeTarget section */

/* Begin PBXProject section */
		E8B2845C2EF2C0D500577B18 /* Project object */ = {
			isa = PBXProject;
			attributes = {
				BuildIndependentTargetsInParallel = 1;
				LastSwiftUpdateCheck = 2620;
				LastUpgradeCheck = 2620;
				TargetAttributes = {
					E88430852EF76E04002665DA = {
						CreatedOnToolsVersion = 26.2;
					};
					E89B71422EF6E183002E651E = {
						CreatedOnToolsVersion = 26.2;
					};
					E8B284632EF2C0D500577B18 = {
						CreatedOnToolsVersion = 26.2;
					};
				};
			};
			buildConfigurationList = E8B2845F2EF2C0D500577B18 /* Build configuration list for PBXProject "Plunge & Heat - Cold Plunge and Sauna Session Tracker" */;
			developmentRegion = en;
			hasScannedForEncodings = 0;
			knownRegions = (
				en,
				Base,
			);
			mainGroup = E8B2845B2EF2C0D500577B18;
			minimizedProjectReferenceProxies = 1;
			preferredProjectObjectVersion = 77;
			productRefGroup = E8B284652EF2C0D600577B18 /* Products */;
			projectDirPath = "";
			projectRoot = "";
			targets = (
				E8B284632EF2C0D500577B18 /* Plunge & Heat - Cold Plunge and Sauna Session Tracker */,
				E89B71422EF6E183002E651E /* Plunge & Heat Watch App Watch App */,
				E88430852EF76E04002665DA /* PlungeHeatWidgetsExtension */,
			);
		};
/* End PBXProject section */

/* Begin PBXResourcesBuildPhase section */
		E88430842EF76E04002665DA /* Resources */ = {
			isa = PBXResourcesBuildPhase;
			buildActionMask = 2147483647;
			files = (
			);
			runOnlyForDeploymentPostprocessing = 0;
		};
		E89B71412EF6E183002E651E /* Resources */ = {
			isa = PBXResourcesBuildPhase;
			buildActionMask = 2147483647;
			files = (
			);
			runOnlyForDeploymentPostprocessing = 0;
		};
		E8B284622EF2C0D500577B18 /* Resources */ = {
			isa = PBXResourcesBuildPhase;
			buildActionMask = 2147483647;
			files = (
			);
			runOnlyForDeploymentPostprocessing = 0;
		};
/* End PBXResourcesBuildPhase section */

/* Begin PBXSourcesBuildPhase section */
		E88430822EF76E04002665DA /* Sources */ = {
			isa = PBXSourcesBuildPhase;
			buildActionMask = 2147483647;
			files = (
			);
			runOnlyForDeploymentPostprocessing = 0;
		};
		E89B713F2EF6E183002E651E /* Sources */ = {
			isa = PBXSourcesBuildPhase;
			buildActionMask = 2147483647;
			files = (
			);
			runOnlyForDeploymentPostprocessing = 0;
		};
		E8B284602EF2C0D500577B18 /* Sources */ = {
			isa = PBXSourcesBuildPhase;
			buildActionMask = 2147483647;
			files = (
			);
			runOnlyForDeploymentPostprocessing = 0;
		};
/* End PBXSourcesBuildPhase section */

/* Begin PBXTargetDependency section */
		E88430972EF76E08002665DA /* PBXTargetDependency */ = {
			isa = PBXTargetDependency;
			target = E88430852EF76E04002665DA /* PlungeHeatWidgetsExtension */;
			targetProxy = E88430962EF76E08002665DA /* PBXContainerItemProxy */;
		};
		E89B714C2EF6E18B002E651E /* PBXTargetDependency */ = {
			isa = PBXTargetDependency;
			target = E89B71422EF6E183002E651E /* Plunge & Heat Watch App Watch App */;
			targetProxy = E89B714B2EF6E18B002E651E /* PBXContainerItemProxy */;
		};
/* End PBXTargetDependency section */

/* Begin XCBuildConfiguration section */
		E884309A2EF76E08002665DA /* Debug */ = {
			isa = XCBuildConfiguration;
			buildSettings = {
				ASSETCATALOG_COMPILER_GLOBAL_ACCENT_COLOR_NAME = AccentColor;
				ASSETCATALOG_COMPILER_WIDGET_BACKGROUND_COLOR_NAME = WidgetBackground;
				CODE_SIGN_STYLE = Automatic;
				CURRENT_PROJECT_VERSION = 1;
				DEVELOPMENT_TEAM = 9Q4TV94VR7;
				GENERATE_INFOPLIST_FILE = YES;
				INFOPLIST_FILE = PlungeHeatWidgets/Info.plist;
				INFOPLIST_KEY_CFBundleDisplayName = PlungeHeatWidgets;
				INFOPLIST_KEY_NSHumanReadableCopyright = "";
				LD_RUNPATH_SEARCH_PATHS = (
					"$(inherited)",
					"@executable_path/Frameworks",
					"@executable_path/../../Frameworks",
				);
				MARKETING_VERSION = 1.0;
				PRODUCT_BUNDLE_IDENTIFIER = "Plunge---Heat.Plunge---Heat---Cold-Plunge-and-Sauna-Session-Tracker.PlungeHeatWidgets";
				PRODUCT_NAME = "$(TARGET_NAME)";
				SKIP_INSTALL = YES;
				STRING_CATALOG_GENERATE_SYMBOLS = YES;
				SWIFT_APPROACHABLE_CONCURRENCY = YES;
				SWIFT_EMIT_LOC_STRINGS = YES;
				SWIFT_UPCOMING_FEATURE_MEMBER_IMPORT_VISIBILITY = YES;
				SWIFT_VERSION = 5.0;
				TARGETED_DEVICE_FAMILY = "1,2";
			};
			name = Debug;
		};
		E884309B2EF76E08002665DA /* Release */ = {
			isa = XCBuildConfiguration;
			buildSettings = {
				ASSETCATALOG_COMPILER_GLOBAL_ACCENT_COLOR_NAME = AccentColor;
				ASSETCATALOG_COMPILER_WIDGET_BACKGROUND_COLOR_NAME = WidgetBackground;
				CODE_SIGN_STYLE = Automatic;
				CURRENT_PROJECT_VERSION = 1;
				DEVELOPMENT_TEAM = 9Q4TV94VR7;
				GENERATE_INFOPLIST_FILE = YES;
				INFOPLIST_FILE = PlungeHeatWidgets/Info.plist;
				INFOPLIST_KEY_CFBundleDisplayName = PlungeHeatWidgets;
				INFOPLIST_KEY_NSHumanReadableCopyright = "";
				LD_RUNPATH_SEARCH_PATHS = (
					"$(inherited)",
					"@executable_path/Frameworks",
					"@executable_path/../../Frameworks",
				);
				MARKETING_VERSION = 1.0;
				PRODUCT_BUNDLE_IDENTIFIER = "Plunge---Heat.Plunge---Heat---Cold-Plunge-and-Sauna-Session-Tracker.PlungeHeatWidgets";
				PRODUCT_NAME = "$(TARGET_NAME)";
				SKIP_INSTALL = YES;
				STRING_CATALOG_GENERATE_SYMBOLS = YES;
				SWIFT_APPROACHABLE_CONCURRENCY = YES;
				SWIFT_EMIT_LOC_STRINGS = YES;
				SWIFT_UPCOMING_FEATURE_MEMBER_IMPORT_VISIBILITY = YES;
				SWIFT_VERSION = 5.0;
				TARGETED_DEVICE_FAMILY = "1,2";
			};
			name = Release;
		};
		E89B714F2EF6E18B002E651E /* Debug */ = {
			isa = XCBuildConfiguration;
			buildSettings = {
				ASSETCATALOG_COMPILER_APPICON_NAME = AppIcon;
				ASSETCATALOG_COMPILER_GLOBAL_ACCENT_COLOR_NAME = AccentColor;
				CODE_SIGN_STYLE = Automatic;
				CURRENT_PROJECT_VERSION = 1;
				DEVELOPMENT_TEAM = 9Q4TV94VR7;
				ENABLE_PREVIEWS = YES;
				GENERATE_INFOPLIST_FILE = YES;
				INFOPLIST_KEY_CFBundleDisplayName = "Plunge & Heat Watch App";
				INFOPLIST_KEY_UISupportedInterfaceOrientations = "UIInterfaceOrientationPortrait UIInterfaceOrientationPortraitUpsideDown";
				INFOPLIST_KEY_WKCompanionAppBundleIdentifier = "Plunge---Heat.Plunge---Heat---Cold-Plunge-and-Sauna-Session-Tracker";
				LD_RUNPATH_SEARCH_PATHS = (
					"$(inherited)",
					"@executable_path/Frameworks",
				);
				MARKETING_VERSION = 1.0;
				PRODUCT_BUNDLE_IDENTIFIER = "Plunge---Heat.Plunge---Heat---Cold-Plunge-and-Sauna-Session-Tracker.watchkitapp";
				PRODUCT_NAME = "$(TARGET_NAME)";
				SDKROOT = watchos;
				SKIP_INSTALL = YES;
				STRING_CATALOG_GENERATE_SYMBOLS = YES;
				SWIFT_APPROACHABLE_CONCURRENCY = YES;
				SWIFT_DEFAULT_ACTOR_ISOLATION = MainActor;
				SWIFT_EMIT_LOC_STRINGS = YES;
				SWIFT_UPCOMING_FEATURE_MEMBER_IMPORT_VISIBILITY = YES;
				SWIFT_VERSION = 5.0;
				TARGETED_DEVICE_FAMILY = 4;
				WATCHOS_DEPLOYMENT_TARGET = 26.2;
			};
			name = Debug;
		};
		E89B71502EF6E18B002E651E /* Release */ = {
			isa = XCBuildConfiguration;
			buildSettings = {
				ASSETCATALOG_COMPILER_APPICON_NAME = AppIcon;
				ASSETCATALOG_COMPILER_GLOBAL_ACCENT_COLOR_NAME = AccentColor;
				CODE_SIGN_STYLE = Automatic;
				CURRENT_PROJECT_VERSION = 1;
				DEVELOPMENT_TEAM = 9Q4TV94VR7;
				ENABLE_PREVIEWS = YES;
				GENERATE_INFOPLIST_FILE = YES;
				INFOPLIST_KEY_CFBundleDisplayName = "Plunge & Heat Watch App";
				INFOPLIST_KEY_UISupportedInterfaceOrientations = "UIInterfaceOrientationPortrait UIInterfaceOrientationPortraitUpsideDown";
				INFOPLIST_KEY_WKCompanionAppBundleIdentifier = "Plunge---Heat.Plunge---Heat---Cold-Plunge-and-Sauna-Session-Tracker";
				LD_RUNPATH_SEARCH_PATHS = (
					"$(inherited)",
					"@executable_path/Frameworks",
				);
				MARKETING_VERSION = 1.0;
				PRODUCT_BUNDLE_IDENTIFIER = "Plunge---Heat.Plunge---Heat---Cold-Plunge-and-Sauna-Session-Tracker.watchkitapp";
				PRODUCT_NAME = "$(TARGET_NAME)";
				SDKROOT = watchos;
				SKIP_INSTALL = YES;
				STRING_CATALOG_GENERATE_SYMBOLS = YES;
				SWIFT_APPROACHABLE_CONCURRENCY = YES;
				SWIFT_DEFAULT_ACTOR_ISOLATION = MainActor;
				SWIFT_EMIT_LOC_STRINGS = YES;
				SWIFT_UPCOMING_FEATURE_MEMBER_IMPORT_VISIBILITY = YES;
				SWIFT_VERSION = 5.0;
				TARGETED_DEVICE_FAMILY = 4;
				WATCHOS_DEPLOYMENT_TARGET = 26.2;
			};
			name = Release;
		};
		E8B2846D2EF2C0E600577B18 /* Debug */ = {
			isa = XCBuildConfiguration;
			buildSettings = {
				ALWAYS_SEARCH_USER_PATHS = NO;
				ASSETCATALOG_COMPILER_GENERATE_SWIFT_ASSET_SYMBOL_EXTENSIONS = YES;
				CLANG_ANALYZER_NONNULL = YES;
				CLANG_ANALYZER_NUMBER_OBJECT_CONVERSION = YES_AGGRESSIVE;
				CLANG_CXX_LANGUAGE_STANDARD = "gnu++20";
				CLANG_ENABLE_MODULES = YES;
				CLANG_ENABLE_OBJC_ARC = YES;
				CLANG_ENABLE_OBJC_WEAK = YES;
				CLANG_WARN_BLOCK_CAPTURE_AUTORELEASING = YES;
				CLANG_WARN_BOOL_CONVERSION = YES;
				CLANG_WARN_COMMA = YES;
				CLANG_WARN_CONSTANT_CONVERSION = YES;
				CLANG_WARN_DEPRECATED_OBJC_IMPLEMENTATIONS = YES;
				CLANG_WARN_DIRECT_OBJC_ISA_USAGE = YES_ERROR;
				CLANG_WARN_DOCUMENTATION_COMMENTS = YES;
				CLANG_WARN_EMPTY_BODY = YES;
				CLANG_WARN_ENUM_CONVERSION = YES;
				CLANG_WARN_INFINITE_RECURSION = YES;
				CLANG_WARN_INT_CONVERSION = YES;
				CLANG_WARN_NON_LITERAL_NULL_CONVERSION = YES;
				CLANG_WARN_OBJC_IMPLICIT_RETAIN_SELF = YES;
				CLANG_WARN_OBJC_LITERAL_CONVERSION = YES;
				CLANG_WARN_OBJC_ROOT_CLASS = YES_ERROR;
				CLANG_WARN_QUOTED_INCLUDE_IN_FRAMEWORK_HEADER = YES;
				CLANG_WARN_RANGE_LOOP_ANALYSIS = YES;
				CLANG_WARN_STRICT_PROTOTYPES = YES;
				CLANG_WARN_SUSPICIOUS_MOVE = YES;
				CLANG_WARN_UNGUARDED_AVAILABILITY = YES_AGGRESSIVE;
				CLANG_WARN_UNREACHABLE_CODE = YES;
				CLANG_WARN__DUPLICATE_METHOD_MATCH = YES;
				COPY_PHASE_STRIP = NO;
				DEBUG_INFORMATION_FORMAT = dwarf;
				DEVELOPMENT_TEAM = 9Q4TV94VR7;
				ENABLE_STRICT_OBJC_MSGSEND = YES;
				ENABLE_TESTABILITY = YES;
				ENABLE_USER_SCRIPT_SANDBOXING = YES;
				GCC_C_LANGUAGE_STANDARD = gnu17;
				GCC_DYNAMIC_NO_PIC = NO;
				GCC_NO_COMMON_BLOCKS = YES;
				GCC_OPTIMIZATION_LEVEL = 0;
				GCC_PREPROCESSOR_DEFINITIONS = (
					"DEBUG=1",
					"$(inherited)",
				);
				GCC_WARN_64_TO_32_BIT_CONVERSION = YES;
				GCC_WARN_ABOUT_RETURN_TYPE = YES_ERROR;
				GCC_WARN_UNDECLARED_SELECTOR = YES;
				GCC_WARN_UNINITIALIZED_AUTOS = YES_AGGRESSIVE;
				GCC_WARN_UNUSED_FUNCTION = YES;
				GCC_WARN_UNUSED_VARIABLE = YES;
				IPHONEOS_DEPLOYMENT_TARGET = 26.2;
				LOCALIZATION_PREFERS_STRING_CATALOGS = YES;
				MTL_ENABLE_DEBUG_INFO = INCLUDE_SOURCE;
				MTL_FAST_MATH = YES;
				ONLY_ACTIVE_ARCH = YES;
				SDKROOT = iphoneos;
				SWIFT_ACTIVE_COMPILATION_CONDITIONS = "DEBUG $(inherited)";
				SWIFT_OPTIMIZATION_LEVEL = "-Onone";
			};
			name = Debug;
		};
		E8B2846E2EF2C0E600577B18 /* Release */ = {
			isa = XCBuildConfiguration;
			buildSettings = {
				ALWAYS_SEARCH_USER_PATHS = NO;
				ASSETCATALOG_COMPILER_GENERATE_SWIFT_ASSET_SYMBOL_EXTENSIONS = YES;
				CLANG_ANALYZER_NONNULL = YES;
				CLANG_ANALYZER_NUMBER_OBJECT_CONVERSION = YES_AGGRESSIVE;
				CLANG_CXX_LANGUAGE_STANDARD = "gnu++20";
				CLANG_ENABLE_MODULES = YES;
				CLANG_ENABLE_OBJC_ARC = YES;
				CLANG_ENABLE_OBJC_WEAK = YES;
				CLANG_WARN_BLOCK_CAPTURE_AUTORELEASING = YES;
				CLANG_WARN_BOOL_CONVERSION = YES;
				CLANG_WARN_COMMA = YES;
				CLANG_WARN_CONSTANT_CONVERSION = YES;
				CLANG_WARN_DEPRECATED_OBJC_IMPLEMENTATIONS = YES;
				CLANG_WARN_DIRECT_OBJC_ISA_USAGE = YES_ERROR;
				CLANG_WARN_DOCUMENTATION_COMMENTS = YES;
				CLANG_WARN_EMPTY_BODY = YES;
				CLANG_WARN_ENUM_CONVERSION = YES;
				CLANG_WARN_INFINITE_RECURSION = YES;
				CLANG_WARN_INT_CONVERSION = YES;
				CLANG_WARN_NON_LITERAL_NULL_CONVERSION = YES;
				CLANG_WARN_OBJC_IMPLICIT_RETAIN_SELF = YES;
				CLANG_WARN_OBJC_LITERAL_CONVERSION = YES;
				CLANG_WARN_OBJC_ROOT_CLASS = YES_ERROR;
				CLANG_WARN_QUOTED_INCLUDE_IN_FRAMEWORK_HEADER = YES;
				CLANG_WARN_RANGE_LOOP_ANALYSIS = YES;
				CLANG_WARN_STRICT_PROTOTYPES = YES;
				CLANG_WARN_SUSPICIOUS_MOVE = YES;
				CLANG_WARN_UNGUARDED_AVAILABILITY = YES_AGGRESSIVE;
				CLANG_WARN_UNREACHABLE_CODE = YES;
				CLANG_WARN__DUPLICATE_METHOD_MATCH = YES;
				COPY_PHASE_STRIP = NO;
				DEBUG_INFORMATION_FORMAT = "dwarf-with-dsym";
				DEVELOPMENT_TEAM = 9Q4TV94VR7;
				ENABLE_NS_ASSERTIONS = NO;
				ENABLE_STRICT_OBJC_MSGSEND = YES;
				ENABLE_USER_SCRIPT_SANDBOXING = YES;
				GCC_C_LANGUAGE_STANDARD = gnu17;
				GCC_NO_COMMON_BLOCKS = YES;
				GCC_WARN_64_TO_32_BIT_CONVERSION = YES;
				GCC_WARN_ABOUT_RETURN_TYPE = YES_ERROR;
				GCC_WARN_UNDECLARED_SELECTOR = YES;
				GCC_WARN_UNINITIALIZED_AUTOS = YES_AGGRESSIVE;
				GCC_WARN_UNUSED_FUNCTION = YES;
				GCC_WARN_UNUSED_VARIABLE = YES;
				IPHONEOS_DEPLOYMENT_TARGET = 26.2;
				LOCALIZATION_PREFERS_STRING_CATALOGS = YES;
				MTL_ENABLE_DEBUG_INFO = NO;
				MTL_FAST_MATH = YES;
				SDKROOT = iphoneos;
				SWIFT_COMPILATION_MODE = wholemodule;
				VALIDATE_PRODUCT = YES;
			};
			name = Release;
		};
		E8B284702EF2C0E600577B18 /* Debug */ = {
			isa = XCBuildConfiguration;
			buildSettings = {
				ASSETCATALOG_COMPILER_APPICON_NAME = AppIcon;
				ASSETCATALOG_COMPILER_GLOBAL_ACCENT_COLOR_NAME = AccentColor;
				CODE_SIGN_STYLE = Automatic;
				CURRENT_PROJECT_VERSION = 1;
				DEVELOPMENT_TEAM = 9Q4TV94VR7;
				ENABLE_PREVIEWS = YES;
				GENERATE_INFOPLIST_FILE = YES;
				INFOPLIST_KEY_UIApplicationSceneManifest_Generation = YES;
				INFOPLIST_KEY_UIApplicationSupportsIndirectInputEvents = YES;
				INFOPLIST_KEY_UILaunchScreen_Generation = YES;
				INFOPLIST_KEY_UISupportedInterfaceOrientations_iPad = "UIInterfaceOrientationPortrait UIInterfaceOrientationPortraitUpsideDown UIInterfaceOrientationLandscapeLeft UIInterfaceOrientationLandscapeRight";
				INFOPLIST_KEY_UISupportedInterfaceOrientations_iPhone = "UIInterfaceOrientationPortrait UIInterfaceOrientationLandscapeLeft UIInterfaceOrientationLandscapeRight";
				LD_RUNPATH_SEARCH_PATHS = (
					"$(inherited)",
					"@executable_path/Frameworks",
				);
				MARKETING_VERSION = 1.0;
				PRODUCT_BUNDLE_IDENTIFIER = "Plunge---Heat.Plunge---Heat---Cold-Plunge-and-Sauna-Session-Tracker";
				PRODUCT_NAME = "$(TARGET_NAME)";
				STRING_CATALOG_GENERATE_SYMBOLS = YES;
				SWIFT_APPROACHABLE_CONCURRENCY = YES;
				SWIFT_DEFAULT_ACTOR_ISOLATION = MainActor;
				SWIFT_EMIT_LOC_STRINGS = YES;
				SWIFT_UPCOMING_FEATURE_MEMBER_IMPORT_VISIBILITY = YES;
				SWIFT_VERSION = 5.0;
				TARGETED_DEVICE_FAMILY = "1,2";
			};
			name = Debug;
		};
		E8B284712EF2C0E600577B18 /* Release */ = {
			isa = XCBuildConfiguration;
			buildSettings = {
				ASSETCATALOG_COMPILER_APPICON_NAME = AppIcon;
				ASSETCATALOG_COMPILER_GLOBAL_ACCENT_COLOR_NAME = AccentColor;
				CODE_SIGN_STYLE = Automatic;
				CURRENT_PROJECT_VERSION = 1;
				DEVELOPMENT_TEAM = 9Q4TV94VR7;
				ENABLE_PREVIEWS = YES;
				GENERATE_INFOPLIST_FILE = YES;
				INFOPLIST_KEY_UIApplicationSceneManifest_Generation = YES;
				INFOPLIST_KEY_UIApplicationSupportsIndirectInputEvents = YES;
				INFOPLIST_KEY_UILaunchScreen_Generation = YES;
				INFOPLIST_KEY_UISupportedInterfaceOrientations_iPad = "UIInterfaceOrientationPortrait UIInterfaceOrientationPortraitUpsideDown UIInterfaceOrientationLandscapeLeft UIInterfaceOrientationLandscapeRight";
				INFOPLIST_KEY_UISupportedInterfaceOrientations_iPhone = "UIInterfaceOrientationPortrait UIInterfaceOrientationLandscapeLeft UIInterfaceOrientationLandscapeRight";
				LD_RUNPATH_SEARCH_PATHS = (
					"$(inherited)",
					"@executable_path/Frameworks",
				);
				MARKETING_VERSION = 1.0;
				PRODUCT_BUNDLE_IDENTIFIER = "Plunge---Heat.Plunge---Heat---Cold-Plunge-and-Sauna-Session-Tracker";
				PRODUCT_NAME = "$(TARGET_NAME)";
				STRING_CATALOG_GENERATE_SYMBOLS = YES;
				SWIFT_APPROACHABLE_CONCURRENCY = YES;
				SWIFT_DEFAULT_ACTOR_ISOLATION = MainActor;
				SWIFT_EMIT_LOC_STRINGS = YES;
				SWIFT_UPCOMING_FEATURE_MEMBER_IMPORT_VISIBILITY = YES;
				SWIFT_VERSION = 5.0;
				TARGETED_DEVICE_FAMILY = "1,2";
			};
			name = Release;
		};
/* End XCBuildConfiguration section */

/* Begin XCConfigurationList section */
		E884309D2EF76E08002665DA /* Build configuration list for PBXNativeTarget "PlungeHeatWidgetsExtension" */ = {
			isa = XCConfigurationList;
			buildConfigurations = (
				E884309A2EF76E08002665DA /* Debug */,
				E884309B2EF76E08002665DA /* Release */,
			);
			defaultConfigurationIsVisible = 0;
			defaultConfigurationName = Release;
		};
		E89B714E2EF6E18B002E651E /* Build configuration list for PBXNativeTarget "Plunge & Heat Watch App Watch App" */ = {
			isa = XCConfigurationList;
			buildConfigurations = (
				E89B714F2EF6E18B002E651E /* Debug */,
				E89B71502EF6E18B002E651E /* Release */,
			);
			defaultConfigurationIsVisible = 0;
			defaultConfigurationName = Release;
		};
		E8B2845F2EF2C0D500577B18 /* Build configuration list for PBXProject "Plunge & Heat - Cold Plunge and Sauna Session Tracker" */ = {
			isa = XCConfigurationList;
			buildConfigurations = (
				E8B2846D2EF2C0E600577B18 /* Debug */,
				E8B2846E2EF2C0E600577B18 /* Release */,
			);
			defaultConfigurationIsVisible = 0;
			defaultConfigurationName = Release;
		};
		E8B2846F2EF2C0E600577B18 /* Build configuration list for PBXNativeTarget "Plunge & Heat - Cold Plunge and Sauna Session Tracker" */ = {
			isa = XCConfigurationList;
			buildConfigurations = (
				E8B284702EF2C0E600577B18 /* Debug */,
				E8B284712EF2C0E600577B18 /* Release */,
			);
			defaultConfigurationIsVisible = 0;
			defaultConfigurationName = Release;
		};
/* End XCConfigurationList section */
	};
	rootObject = E8B2845C2EF2C0D500577B18 /* Project object */;
}
